
Microsoft Visual Studio Solution File, Format Version 12.00
# Visual Studio Version 16
VisualStudioVersion = 16.0.29215.179
MinimumVisualStudioVersion = 10.0.40219.1
Project("{8BC9CEB8-8B4A-11D0-8D11-00A0C91BC942}") = "Task2-2019004", "Task2-2019004\Task2-2019004.vcxproj", "{1A021453-6A46-4265-92A4-35BE303F416C}"
EndProject
Global
	GlobalSection(SolutionConfigurationPlatforms) = preSolution
		Debug|x64 = Debug|x64
		Debug|x86 = Debug|x86
		Release|x64 = Release|x64
		Release|x86 = Release|x86
	EndGlobalSection
	GlobalSection(ProjectConfigurationPlatforms) = postSolution
		{1A021453-6A46-4265-92A4-35BE303F416C}.Debug|x64.ActiveCfg = Debug|x64
		{1A021453-6A46-4265-92A4-35BE303F416C}.Debug|x64.Build.0 = Debug|x64
		{1A021453-6A46-4265-92A4-35BE303F416C}.Debug|x86.ActiveCfg = Debug|Win32
		{1A021453-6A46-4265-92A4-35BE303F416C}.Debug|x86.Build.0 = Debug|Win32
		{1A021453-6A46-4265-92A4-35BE303F416C}.Release|x64.ActiveCfg = Release|x64
		{1A021453-6A46-4265-92A4-35BE303F416C}.Release|x64.Build.0 = Release|x64
		{1A021453-6A46-4265-92A4-35BE303F416C}.Release|x86.ActiveCfg = Release|Win32
		{1A021453-6A46-4265-92A4-35BE303F416C}.Release|x86.Build.0 = Release|Win32
	EndGlobalSection
	GlobalSection(SolutionProperties) = preSolution
		HideSolutionNode = FALSE
	EndGlobalSection
	GlobalSection(ExtensibilityGlobals) = postSolution
		SolutionGuid = {C63AC365-524C-41DA-A6FE-1B39B6694ED6}
	EndGlobalSection
EndGlobal
